
Microsoft Visual Studio Solution File, Format Version 12.00
Project("{FAE04EC0-301F-11D3-BF4B-00C04F79EFBC}") = "SimpleArithmeticExpressionsParser", "SimpleArithmeticExpressionsParser\SimpleArithmeticExpressionsParser.csproj", "{C44A6504-24A2-4504-A0F1-DF5ABEADE334}"
EndProject
Project("{FAE04EC0-301F-11D3-BF4B-00C04F79EFBC}") = "Test", "Test\Test.csproj", "{213186A0-6C78-4D63-9EF4-9E7EA83FD884}"
EndProject
Global
	GlobalSection(SolutionConfigurationPlatforms) = preSolution
		Debug|Any CPU = Debug|Any CPU
		Release|Any CPU = Release|Any CPU
	EndGlobalSection
	GlobalSection(ProjectConfigurationPlatforms) = postSolution
		{C44A6504-24A2-4504-A0F1-DF5ABEADE334}.Debug|Any CPU.ActiveCfg = Debug|Any CPU
		{C44A6504-24A2-4504-A0F1-DF5ABEADE334}.Debug|Any CPU.Build.0 = Debug|Any CPU
		{C44A6504-24A2-4504-A0F1-DF5ABEADE334}.Release|Any CPU.ActiveCfg = Release|Any CPU
		{C44A6504-24A2-4504-A0F1-DF5ABEADE334}.Release|Any CPU.Build.0 = Release|Any CPU
		{213186A0-6C78-4D63-9EF4-9E7EA83FD884}.Debug|Any CPU.ActiveCfg = Debug|Any CPU
		{213186A0-6C78-4D63-9EF4-9E7EA83FD884}.Debug|Any CPU.Build.0 = Debug|Any CPU
		{213186A0-6C78-4D63-9EF4-9E7EA83FD884}.Release|Any CPU.ActiveCfg = Release|Any CPU
		{213186A0-6C78-4D63-9EF4-9E7EA83FD884}.Release|Any CPU.Build.0 = Release|Any CPU
	EndGlobalSection
EndGlobal
